// !$*UTF8*$!
{
	archiveVersion = 1;
	classes = {
	};
	objectVersion = 50;
	objects = {

/* Begin PBXBuildFile section */
		769F988058237D341F7846E3 /* libPods-RWPickFlavor.a in Frameworks */ = {isa = PBXBuildFile; fileRef = 92D343FF945A2B24465922E9 /* libPods-RWPickFlavor.a */; };
		D940F70B23BE015D004F235E /* RWPickFlavor.h in Headers */ = {isa = PBXBuildFile; fileRef = D940F70923BE015D004F235E /* RWPickFlavor.h */; settings = {ATTRIBUTES = (Public, ); }; };
		D940F73A23BE23A2004F235E /* ScoopCell.swift in Sources */ = {isa = PBXBuildFile; fileRef = D940F72D23BE23A2004F235E /* ScoopCell.swift */; };
		D940F73B23BE23A2004F235E /* ScoopView.swift in Sources */ = {isa = PBXBuildFile; fileRef = D940F72E23BE23A2004F235E /* ScoopView.swift */; };
		D940F73C23BE23A2004F235E /* Main.storyboard in Resources */ = {isa = PBXBuildFile; fileRef = D940F72F23BE23A2004F235E /* Main.storyboard */; };
		D940F73D23BE23A2004F235E /* IceCreamView.swift in Sources */ = {isa = PBXBuildFile; fileRef = D940F73023BE23A2004F235E /* IceCreamView.swift */; };
		D940F73E23BE23A2004F235E /* RGBAColorFromString.swift in Sources */ = {isa = PBXBuildFile; fileRef = D940F73223BE23A2004F235E /* RGBAColorFromString.swift */; };
		D940F73F23BE23A2004F235E /* Images.xcassets in Resources */ = {isa = PBXBuildFile; fileRef = D940F73423BE23A2004F235E /* Images.xcassets */; };
		D940F74023BE23A2004F235E /* PickFlavorViewController.swift in Sources */ = {isa = PBXBuildFile; fileRef = D940F73623BE23A2004F235E /* PickFlavorViewController.swift */; };
		D940F74123BE23A2004F235E /* PickFlavorDataSource.swift in Sources */ = {isa = PBXBuildFile; fileRef = D940F73723BE23A2004F235E /* PickFlavorDataSource.swift */; };
		D940F74223BE23A2004F235E /* Flavor.swift in Sources */ = {isa = PBXBuildFile; fileRef = D940F73923BE23A2004F235E /* Flavor.swift */; };
/* End PBXBuildFile section */

/* Begin PBXFileReference section */
		7AACC303375180525B26200D /* Pods-RWPickFlavor.release.xcconfig */ = {isa = PBXFileReference; includeInIndex = 1; lastKnownFileType = text.xcconfig; name = "Pods-RWPickFlavor.release.xcconfig"; path = "Target Support Files/Pods-RWPickFlavor/Pods-RWPickFlavor.release.xcconfig"; sourceTree = "<group>"; };
		92D343FF945A2B24465922E9 /* libPods-RWPickFlavor.a */ = {isa = PBXFileReference; explicitFileType = archive.ar; includeInIndex = 0; path = "libPods-RWPickFlavor.a"; sourceTree = BUILT_PRODUCTS_DIR; };
		AE9D0AFAAC02C90FDE1FBF8B /* Pods-RWPickFlavor.debug.xcconfig */ = {isa = PBXFileReference; includeInIndex = 1; lastKnownFileType = text.xcconfig; name = "Pods-RWPickFlavor.debug.xcconfig"; path = "Target Support Files/Pods-RWPickFlavor/Pods-RWPickFlavor.debug.xcconfig"; sourceTree = "<group>"; };
		D940F70623BE015D004F235E /* RWPickFlavor.framework */ = {isa = PBXFileReference; explicitFileType = wrapper.framework; includeInIndex = 0; path = RWPickFlavor.framework; sourceTree = BUILT_PRODUCTS_DIR; };
		D940F70923BE015D004F235E /* RWPickFlavor.h */ = {isa = PBXFileReference; lastKnownFileType = sourcecode.c.h; path = RWPickFlavor.h; sourceTree = "<group>"; };
		D940F70A23BE015D004F235E /* Info.plist */ = {isa = PBXFileReference; lastKnownFileType = text.plist.xml; path = Info.plist; sourceTree = "<group>"; };
		D940F72D23BE23A2004F235E /* ScoopCell.swift */ = {isa = PBXFileReference; fileEncoding = 4; lastKnownFileType = sourcecode.swift; path = ScoopCell.swift; sourceTree = "<group>"; };
		D940F72E23BE23A2004F235E /* ScoopView.swift */ = {isa = PBXFileReference; fileEncoding = 4; lastKnownFileType = sourcecode.swift; path = ScoopView.swift; sourceTree = "<group>"; };
		D940F72F23BE23A2004F235E /* Main.storyboard */ = {isa = PBXFileReference; fileEncoding = 4; lastKnownFileType = file.storyboard; path = Main.storyboard; sourceTree = "<group>"; };
		D940F73023BE23A2004F235E /* IceCreamView.swift */ = {isa = PBXFileReference; fileEncoding = 4; lastKnownFileType = sourcecode.swift; path = IceCreamView.swift; sourceTree = "<group>"; };
		D940F73223BE23A2004F235E /* RGBAColorFromString.swift */ = {isa = PBXFileReference; fileEncoding = 4; lastKnownFileType = sourcecode.swift; path = RGBAColorFromString.swift; sourceTree = "<group>"; };
		D940F73423BE23A2004F235E /* Images.xcassets */ = {isa = PBXFileReference; lastKnownFileType = folder.assetcatalog; path = Images.xcassets; sourceTree = "<group>"; };
		D940F73623BE23A2004F235E /* PickFlavorViewController.swift */ = {isa = PBXFileReference; fileEncoding = 4; lastKnownFileType = sourcecode.swift; path = PickFlavorViewController.swift; sourceTree = "<group>"; };
		D940F73723BE23A2004F235E /* PickFlavorDataSource.swift */ = {isa = PBXFileReference; fileEncoding = 4; lastKnownFileType = sourcecode.swift; path = PickFlavorDataSource.swift; sourceTree = "<group>"; };
		D940F73923BE23A2004F235E /* Flavor.swift */ = {isa = PBXFileReference; fileEncoding = 4; lastKnownFileType = sourcecode.swift; path = Flavor.swift; sourceTree = "<group>"; };
/* End PBXFileReference section */

/* Begin PBXFrameworksBuildPhase section */
		D940F70323BE015D004F235E /* Frameworks */ = {
			isa = PBXFrameworksBuildPhase;
			buildActionMask = 2147483647;
			files = (
				769F988058237D341F7846E3 /* libPods-RWPickFlavor.a in Frameworks */,
			);
			runOnlyForDeploymentPostprocessing = 0;
		};
/* End PBXFrameworksBuildPhase section */

/* Begin PBXGroup section */
		3F9102D0AA7D43EEBC7FBFE5 /* Frameworks */ = {
			isa = PBXGroup;
			children = (
				92D343FF945A2B24465922E9 /* libPods-RWPickFlavor.a */,
			);
			name = Frameworks;
			sourceTree = "<group>";
		};
		D940F6FC23BE015D004F235E = {
			isa = PBXGroup;
			children = (
				D940F70823BE015D004F235E /* RWPickFlavor */,
				D940F70723BE015D004F235E /* Products */,
				D96D30D01261BC0905A40BA2 /* Pods */,
				3F9102D0AA7D43EEBC7FBFE5 /* Frameworks */,
			);
			sourceTree = "<group>";
		};
		D940F70723BE015D004F235E /* Products */ = {
			isa = PBXGroup;
			children = (
				D940F70623BE015D004F235E /* RWPickFlavor.framework */,
			);
			name = Products;
			sourceTree = "<group>";
		};
		D940F70823BE015D004F235E /* RWPickFlavor */ = {
			isa = PBXGroup;
			children = (
				D940F73123BE23A2004F235E /* Categories */,
				D940F73523BE23A2004F235E /* Controllers */,
				D940F73823BE23A2004F235E /* Models */,
				D940F73323BE23A2004F235E /* Resources */,
				D940F72C23BE23A2004F235E /* Views */,
				D940F70A23BE015D004F235E /* Info.plist */,
				D940F70923BE015D004F235E /* RWPickFlavor.h */,
			);
			path = RWPickFlavor;
			sourceTree = "<group>";
		};
		D940F72C23BE23A2004F235E /* Views */ = {
			isa = PBXGroup;
			children = (
				D940F72D23BE23A2004F235E /* ScoopCell.swift */,
				D940F72E23BE23A2004F235E /* ScoopView.swift */,
				D940F72F23BE23A2004F235E /* Main.storyboard */,
				D940F73023BE23A2004F235E /* IceCreamView.swift */,
			);
			path = Views;
			sourceTree = "<group>";
		};
		D940F73123BE23A2004F235E /* Categories */ = {
			isa = PBXGroup;
			children = (
				D940F73223BE23A2004F235E /* RGBAColorFromString.swift */,
			);
			path = Categories;
			sourceTree = "<group>";
		};
		D940F73323BE23A2004F235E /* Resources */ = {
			isa = PBXGroup;
			children = (
				D940F73423BE23A2004F235E /* Images.xcassets */,
			);
			path = Resources;
			sourceTree = "<group>";
		};
		D940F73523BE23A2004F235E /* Controllers */ = {
			isa = PBXGroup;
			children = (
				D940F73623BE23A2004F235E /* PickFlavorViewController.swift */,
				D940F73723BE23A2004F235E /* PickFlavorDataSource.swift */,
			);
			path = Controllers;
			sourceTree = "<group>";
		};
		D940F73823BE23A2004F235E /* Models */ = {
			isa = PBXGroup;
			children = (
				D940F73923BE23A2004F235E /* Flavor.swift */,
			);
			path = Models;
			sourceTree = "<group>";
		};
		D96D30D01261BC0905A40BA2 /* Pods */ = {
			isa = PBXGroup;
			children = (
				AE9D0AFAAC02C90FDE1FBF8B /* Pods-RWPickFlavor.debug.xcconfig */,
				7AACC303375180525B26200D /* Pods-RWPickFlavor.release.xcconfig */,
			);
			path = Pods;
			sourceTree = "<group>";
		};
/* End PBXGroup section */

/* Begin PBXHeadersBuildPhase section */
		D940F70123BE015D004F235E /* Headers */ = {
			isa = PBXHeadersBuildPhase;
			buildActionMask = 2147483647;
			files = (
				D940F70B23BE015D004F235E /* RWPickFlavor.h in Headers */,
			);
			runOnlyForDeploymentPostprocessing = 0;
		};
/* End PBXHeadersBuildPhase section */

/* Begin PBXNativeTarget section */
		D940F70523BE015D004F235E /* RWPickFlavor */ = {
			isa = PBXNativeTarget;
			buildConfigurationList = D940F70E23BE015D004F235E /* Build configuration list for PBXNativeTarget "RWPickFlavor" */;
			buildPhases = (
				FE4C2EB25405C95C93D99FFE /* [CP] Check Pods Manifest.lock */,
				D940F70123BE015D004F235E /* Headers */,
				D940F70223BE015D004F235E /* Sources */,
				D940F70323BE015D004F235E /* Frameworks */,
				D940F70423BE015D004F235E /* Resources */,
			);
			buildRules = (
			);
			dependencies = (
			);
			name = RWPickFlavor;
			productName = RWPickFlavor;
			productReference = D940F70623BE015D004F235E /* RWPickFlavor.framework */;
			productType = "com.apple.product-type.framework";
		};
/* End PBXNativeTarget section */

/* Begin PBXProject section */
		D940F6FD23BE015D004F235E /* Project object */ = {
			isa = PBXProject;
			attributes = {
				LastUpgradeCheck = 1130;
				ORGANIZATIONNAME = OpenClassroms;
				TargetAttributes = {
					D940F70523BE015D004F235E = {
						CreatedOnToolsVersion = 11.3;
					};
				};
			};
			buildConfigurationList = D940F70023BE015D004F235E /* Build configuration list for PBXProject "RWPickFlavor" */;
			compatibilityVersion = "Xcode 9.3";
			developmentRegion = en;
			hasScannedForEncodings = 0;
			knownRegions = (
				en,
				Base,
			);
			mainGroup = D940F6FC23BE015D004F235E;
			productRefGroup = D940F70723BE015D004F235E /* Products */;
			projectDirPath = "";
			projectRoot = "";
			targets = (
				D940F70523BE015D004F235E /* RWPickFlavor */,
			);
		};
/* End PBXProject section */

/* Begin PBXResourcesBuildPhase section */
		D940F70423BE015D004F235E /* Resources */ = {
			isa = PBXResourcesBuildPhase;
			buildActionMask = 2147483647;
			files = (
				D940F73C23BE23A2004F235E /* Main.storyboard in Resources */,
				D940F73F23BE23A2004F235E /* Images.xcassets in Resources */,
			);
			runOnlyForDeploymentPostprocessing = 0;
		};
/* End PBXResourcesBuildPhase section */

/* Begin PBXShellScriptBuildPhase section */
		FE4C2EB25405C95C93D99FFE /* [CP] Check Pods Manifest.lock */ = {
			isa = PBXShellScriptBuildPhase;
			buildActionMask = 2147483647;
			files = (
			);
			inputFileListPaths = (
			);
			inputPaths = (
				"${PODS_PODFILE_DIR_PATH}/Podfile.lock",
				"${PODS_ROOT}/Manifest.lock",
			);
			name = "[CP] Check Pods Manifest.lock";
			outputFileListPaths = (
			);
			outputPaths = (
				"$(DERIVED_FILE_DIR)/Pods-RWPickFlavor-checkManifestLockResult.txt",
			);
			runOnlyForDeploymentPostprocessing = 0;
			shellPath = /bin/sh;
			shellScript = "diff \"${PODS_PODFILE_DIR_PATH}/Podfile.lock\" \"${PODS_ROOT}/Manifest.lock\" > /dev/null\nif [ $? != 0 ] ; then\n    # print error to STDERR\n    echo \"error: The sandbox is not in sync with the Podfile.lock. Run 'pod install' or update your CocoaPods installation.\" >&2\n    exit 1\nfi\n# This output is used by Xcode 'outputs' to avoid re-running this script phase.\necho \"SUCCESS\" > \"${SCRIPT_OUTPUT_FILE_0}\"\n";
			showEnvVarsInLog = 0;
		};
/* End PBXShellScriptBuildPhase section */

/* Begin PBXSourcesBuildPhase section */
		D940F70223BE015D004F235E /* Sources */ = {
			isa = PBXSourcesBuildPhase;
			buildActionMask = 2147483647;
			files = (
				D940F73A23BE23A2004F235E /* ScoopCell.swift in Sources */,
				D940F74123BE23A2004F235E /* PickFlavorDataSource.swift in Sources */,
				D940F73B23BE23A2004F235E /* ScoopView.swift in Sources */,
				D940F73E23BE23A2004F235E /* RGBAColorFromString.swift in Sources */,
				D940F74223BE23A2004F235E /* Flavor.swift in Sources */,
				D940F73D23BE23A2004F235E /* IceCreamView.swift in Sources */,
				D940F74023BE23A2004F235E /* PickFlavorViewController.swift in Sources */,
			);
			runOnlyForDeploymentPostprocessing = 0;
		};
/* End PBXSourcesBuildPhase section */

/* Begin XCBuildConfiguration section */
		D940F70C23BE015D004F235E /* Debug */ = {
			isa = XCBuildConfiguration;
			buildSettings = {
				ALWAYS_SEARCH_USER_PATHS = NO;
				CLANG_ANALYZER_NONNULL = YES;
				CLANG_ANALYZER_NUMBER_OBJECT_CONVERSION = YES_AGGRESSIVE;
				CLANG_CXX_LANGUAGE_STANDARD = "gnu++14";
				CLANG_CXX_LIBRARY = "libc++";
				CLANG_ENABLE_MODULES = YES;
				CLANG_ENABLE_OBJC_ARC = YES;
				CLANG_ENABLE_OBJC_WEAK = YES;
				CLANG_WARN_BLOCK_CAPTURE_AUTORELEASING = YES;
				CLANG_WARN_BOOL_CONVERSION = YES;
				CLANG_WARN_COMMA = YES;
				CLANG_WARN_CONSTANT_CONVERSION = YES;
				CLANG_WARN_DEPRECATED_OBJC_IMPLEMENTATIONS = YES;
				CLANG_WARN_DIRECT_OBJC_ISA_USAGE = YES_ERROR;
				CLANG_WARN_DOCUMENTATION_COMMENTS = YES;
				CLANG_WARN_EMPTY_BODY = YES;
				CLANG_WARN_ENUM_CONVERSION = YES;
				CLANG_WARN_INFINITE_RECURSION = YES;
				CLANG_WARN_INT_CONVERSION = YES;
				CLANG_WARN_NON_LITERAL_NULL_CONVERSION = YES;
				CLANG_WARN_OBJC_IMPLICIT_RETAIN_SELF = YES;
				CLANG_WARN_OBJC_LITERAL_CONVERSION = YES;
				CLANG_WARN_OBJC_ROOT_CLASS = YES_ERROR;
				CLANG_WARN_RANGE_LOOP_ANALYSIS = YES;
				CLANG_WARN_STRICT_PROTOTYPES = YES;
				CLANG_WARN_SUSPICIOUS_MOVE = YES;
				CLANG_WARN_UNGUARDED_AVAILABILITY = YES_AGGRESSIVE;
				CLANG_WARN_UNREACHABLE_CODE = YES;
				CLANG_WARN__DUPLICATE_METHOD_MATCH = YES;
				COPY_PHASE_STRIP = NO;
				CURRENT_PROJECT_VERSION = 1;
				DEBUG_INFORMATION_FORMAT = dwarf;
				ENABLE_STRICT_OBJC_MSGSEND = YES;
				ENABLE_TESTABILITY = YES;
				GCC_C_LANGUAGE_STANDARD = gnu11;
				GCC_DYNAMIC_NO_PIC = NO;
				GCC_NO_COMMON_BLOCKS = YES;
				GCC_OPTIMIZATION_LEVEL = 0;
				GCC_PREPROCESSOR_DEFINITIONS = (
					"DEBUG=1",
					"$(inherited)",
				);
				GCC_WARN_64_TO_32_BIT_CONVERSION = YES;
				GCC_WARN_ABOUT_RETURN_TYPE = YES_ERROR;
				GCC_WARN_UNDECLARED_SELECTOR = YES;
				GCC_WARN_UNINITIALIZED_AUTOS = YES_AGGRESSIVE;
				GCC_WARN_UNUSED_FUNCTION = YES;
				GCC_WARN_UNUSED_VARIABLE = YES;
				IPHONEOS_DEPLOYMENT_TARGET = 13.2;
				MTL_ENABLE_DEBUG_INFO = INCLUDE_SOURCE;
				MTL_FAST_MATH = YES;
				ONLY_ACTIVE_ARCH = YES;
				SDKROOT = iphoneos;
				SWIFT_ACTIVE_COMPILATION_CONDITIONS = DEBUG;
				SWIFT_OPTIMIZATION_LEVEL = "-Onone";
				VERSIONING_SYSTEM = "apple-generic";
				VERSION_INFO_PREFIX = "";
			};
			name = Debug;
		};
		D940F70D23BE015D004F235E /* Release */ = {
			isa = XCBuildConfiguration;
			buildSettings = {
				ALWAYS_SEARCH_USER_PATHS = NO;
				CLANG_ANALYZER_NONNULL = YES;
				CLANG_ANALYZER_NUMBER_OBJECT_CONVERSION = YES_AGGRESSIVE;
				CLANG_CXX_LANGUAGE_STANDARD = "gnu++14";
				CLANG_CXX_LIBRARY = "libc++";
				CLANG_ENABLE_MODULES = YES;
				CLANG_ENABLE_OBJC_ARC = YES;
				CLANG_ENABLE_OBJC_WEAK = YES;
				CLANG_WARN_BLOCK_CAPTURE_AUTORELEASING = YES;
				CLANG_WARN_BOOL_CONVERSION = YES;
				CLANG_WARN_COMMA = YES;
				CLANG_WARN_CONSTANT_CONVERSION = YES;
				CLANG_WARN_DEPRECATED_OBJC_IMPLEMENTATIONS = YES;
				CLANG_WARN_DIRECT_OBJC_ISA_USAGE = YES_ERROR;
				CLANG_WARN_DOCUMENTATION_COMMENTS = YES;
				CLANG_WARN_EMPTY_BODY = YES;
				CLANG_WARN_ENUM_CONVERSION = YES;
				CLANG_WARN_INFINITE_RECURSION = YES;
				CLANG_WARN_INT_CONVERSION = YES;
				CLANG_WARN_NON_LITERAL_NULL_CONVERSION = YES;
				CLANG_WARN_OBJC_IMPLICIT_RETAIN_SELF = YES;
				CLANG_WARN_OBJC_LITERAL_CONVERSION = YES;
				CLANG_WARN_OBJC_ROOT_CLASS = YES_ERROR;
				CLANG_WARN_RANGE_LOOP_ANALYSIS = YES;
				CLANG_WARN_STRICT_PROTOTYPES = YES;
				CLANG_WARN_SUSPICIOUS_MOVE = YES;
				CLANG_WARN_UNGUARDED_AVAILABILITY = YES_AGGRESSIVE;
				CLANG_WARN_UNREACHABLE_CODE = YES;
				CLANG_WARN__DUPLICATE_METHOD_MATCH = YES;
				COPY_PHASE_STRIP = NO;
				CURRENT_PROJECT_VERSION = 1;
				DEBUG_INFORMATION_FORMAT = "dwarf-with-dsym";
				ENABLE_NS_ASSERTIONS = NO;
				ENABLE_STRICT_OBJC_MSGSEND = YES;
				GCC_C_LANGUAGE_STANDARD = gnu11;
				GCC_NO_COMMON_BLOCKS = YES;
				GCC_WARN_64_TO_32_BIT_CONVERSION = YES;
				GCC_WARN_ABOUT_RETURN_TYPE = YES_ERROR;
				GCC_WARN_UNDECLARED_SELECTOR = YES;
				GCC_WARN_UNINITIALIZED_AUTOS = YES_AGGRESSIVE;
				GCC_WARN_UNUSED_FUNCTION = YES;
				GCC_WARN_UNUSED_VARIABLE = YES;
				IPHONEOS_DEPLOYMENT_TARGET = 13.2;
				MTL_ENABLE_DEBUG_INFO = NO;
				MTL_FAST_MATH = YES;
				SDKROOT = iphoneos;
				SWIFT_COMPILATION_MODE = wholemodule;
				SWIFT_OPTIMIZATION_LEVEL = "-O";
				VALIDATE_PRODUCT = YES;
				VERSIONING_SYSTEM = "apple-generic";
				VERSION_INFO_PREFIX = "";
			};
			name = Release;
		};
		D940F70F23BE015D004F235E /* Debug */ = {
			isa = XCBuildConfiguration;
			baseConfigurationReference = AE9D0AFAAC02C90FDE1FBF8B /* Pods-RWPickFlavor.debug.xcconfig */;
			buildSettings = {
				CODE_SIGN_STYLE = Automatic;
				DEFINES_MODULE = YES;
				DYLIB_COMPATIBILITY_VERSION = 1;
				DYLIB_CURRENT_VERSION = 1;
				DYLIB_INSTALL_NAME_BASE = "@rpath";
				INFOPLIST_FILE = RWPickFlavor/Info.plist;
				INSTALL_PATH = "$(LOCAL_LIBRARY_DIR)/Frameworks";
				LD_RUNPATH_SEARCH_PATHS = (
					"$(inherited)",
					"@executable_path/Frameworks",
					"@loader_path/Frameworks",
				);
				PRODUCT_BUNDLE_IDENTIFIER = com.openclassrooms.RWPickFlavor;
				PRODUCT_NAME = "$(TARGET_NAME:c99extidentifier)";
				SKIP_INSTALL = YES;
				SWIFT_VERSION = 5.0;
				TARGETED_DEVICE_FAMILY = "1,2";
			};
			name = Debug;
		};
		D940F71023BE015D004F235E /* Release */ = {
			isa = XCBuildConfiguration;
			baseConfigurationReference = 7AACC303375180525B26200D /* Pods-RWPickFlavor.release.xcconfig */;
			buildSettings = {
				CODE_SIGN_STYLE = Automatic;
				DEFINES_MODULE = YES;
				DYLIB_COMPATIBILITY_VERSION = 1;
				DYLIB_CURRENT_VERSION = 1;
				DYLIB_INSTALL_NAME_BASE = "@rpath";
				INFOPLIST_FILE = RWPickFlavor/Info.plist;
				INSTALL_PATH = "$(LOCAL_LIBRARY_DIR)/Frameworks";
				LD_RUNPATH_SEARCH_PATHS = (
					"$(inherited)",
					"@executable_path/Frameworks",
					"@loader_path/Frameworks",
				);
				PRODUCT_BUNDLE_IDENTIFIER = com.openclassrooms.RWPickFlavor;
				PRODUCT_NAME = "$(TARGET_NAME:c99extidentifier)";
				SKIP_INSTALL = YES;
				SWIFT_VERSION = 5.0;
				TARGETED_DEVICE_FAMILY = "1,2";
			};
			name = Release;
		};
/* End XCBuildConfiguration section */

/* Begin XCConfigurationList section */
		D940F70023BE015D004F235E /* Build configuration list for PBXProject "RWPickFlavor" */ = {
			isa = XCConfigurationList;
			buildConfigurations = (
				D940F70C23BE015D004F235E /* Debug */,
				D940F70D23BE015D004F235E /* Release */,
			);
			defaultConfigurationIsVisible = 0;
			defaultConfigurationName = Release;
		};
		D940F70E23BE015D004F235E /* Build configuration list for PBXNativeTarget "RWPickFlavor" */ = {
			isa = XCConfigurationList;
			buildConfigurations = (
				D940F70F23BE015D004F235E /* Debug */,
				D940F71023BE015D004F235E /* Release */,
			);
			defaultConfigurationIsVisible = 0;
			defaultConfigurationName = Release;
		};
/* End XCConfigurationList section */
	};
	rootObject = D940F6FD23BE015D004F235E /* Project object */;
}
